
Microsoft Visual Studio Solution File, Format Version 12.00
# Visual Studio 15
VisualStudioVersion = 15.0.28010.2046
MinimumVisualStudioVersion = 10.0.40219.1
Project("{FAE04EC0-301F-11D3-BF4B-00C04F79EFBC}") = "AVOT.DAL", "AVOT.DAL\AVOT.DAL.csproj", "{516464E6-D5D5-4BC4-A728-164FAC4F950F}"
EndProject
Project("{FAE04EC0-301F-11D3-BF4B-00C04F79EFBC}") = "AVOT.NEGOCIO", "AVOT.NEGOCIO\AVOT.NEGOCIO.csproj", "{67FB6DE6-ED31-4ED3-B6BC-5EF5DDBB52F8}"
EndProject
Project("{FAE04EC0-301F-11D3-BF4B-00C04F79EFBC}") = "AVOT.WEB", "AVOT.WEB\AVOT.WEB.csproj", "{74E1D34D-20C1-4081-B6D8-3FE4E9ED5730}"
EndProject
Global
	GlobalSection(SolutionConfigurationPlatforms) = preSolution
		Debug|Any CPU = Debug|Any CPU
		Release|Any CPU = Release|Any CPU
	EndGlobalSection
	GlobalSection(ProjectConfigurationPlatforms) = postSolution
		{516464E6-D5D5-4BC4-A728-164FAC4F950F}.Debug|Any CPU.ActiveCfg = Debug|Any CPU
		{516464E6-D5D5-4BC4-A728-164FAC4F950F}.Debug|Any CPU.Build.0 = Debug|Any CPU
		{516464E6-D5D5-4BC4-A728-164FAC4F950F}.Release|Any CPU.ActiveCfg = Release|Any CPU
		{516464E6-D5D5-4BC4-A728-164FAC4F950F}.Release|Any CPU.Build.0 = Release|Any CPU
		{67FB6DE6-ED31-4ED3-B6BC-5EF5DDBB52F8}.Debug|Any CPU.ActiveCfg = Debug|Any CPU
		{67FB6DE6-ED31-4ED3-B6BC-5EF5DDBB52F8}.Debug|Any CPU.Build.0 = Debug|Any CPU
		{67FB6DE6-ED31-4ED3-B6BC-5EF5DDBB52F8}.Release|Any CPU.ActiveCfg = Release|Any CPU
		{67FB6DE6-ED31-4ED3-B6BC-5EF5DDBB52F8}.Release|Any CPU.Build.0 = Release|Any CPU
		{74E1D34D-20C1-4081-B6D8-3FE4E9ED5730}.Debug|Any CPU.ActiveCfg = Debug|Any CPU
		{74E1D34D-20C1-4081-B6D8-3FE4E9ED5730}.Debug|Any CPU.Build.0 = Debug|Any CPU
		{74E1D34D-20C1-4081-B6D8-3FE4E9ED5730}.Release|Any CPU.ActiveCfg = Release|Any CPU
		{74E1D34D-20C1-4081-B6D8-3FE4E9ED5730}.Release|Any CPU.Build.0 = Release|Any CPU
	EndGlobalSection
	GlobalSection(SolutionProperties) = preSolution
		HideSolutionNode = FALSE
	EndGlobalSection
	GlobalSection(ExtensibilityGlobals) = postSolution
		SolutionGuid = {C5B5A72B-C65F-400D-97C1-7067B54543D6}
	EndGlobalSection
EndGlobal
